
Microsoft Visual Studio Solution File, Format Version 12.00
# Visual Studio Version 17
VisualStudioVersion = 17.0.31903.59
MinimumVisualStudioVersion = 10.0.40219.1
Project("{FAE04EC0-301F-11D3-BF4B-00C04F79EFBC}") = "API", "API\API.csproj", "{37DE543D-A257-4384-B5B9-7DBA57A8F41F}"
EndProject
Project("{FAE04EC0-301F-11D3-BF4B-00C04F79EFBC}") = "Core", "Core\Core.csproj", "{49782980-3E92-44CD-A2E4-092A5B2D2F16}"
EndProject
Project("{FAE04EC0-301F-11D3-BF4B-00C04F79EFBC}") = "Infrastructure", "Infrastructure\Infrastructure.csproj", "{803EE0A7-120A-4492-A731-F413A48137A1}"
EndProject
Global
	GlobalSection(SolutionConfigurationPlatforms) = preSolution
		Debug|Any CPU = Debug|Any CPU
		Debug|x64 = Debug|x64
		Debug|x86 = Debug|x86
		Release|Any CPU = Release|Any CPU
		Release|x64 = Release|x64
		Release|x86 = Release|x86
	EndGlobalSection
	GlobalSection(ProjectConfigurationPlatforms) = postSolution
		{37DE543D-A257-4384-B5B9-7DBA57A8F41F}.Debug|Any CPU.ActiveCfg = Debug|Any CPU
		{37DE543D-A257-4384-B5B9-7DBA57A8F41F}.Debug|Any CPU.Build.0 = Debug|Any CPU
		{37DE543D-A257-4384-B5B9-7DBA57A8F41F}.Debug|x64.ActiveCfg = Debug|Any CPU
		{37DE543D-A257-4384-B5B9-7DBA57A8F41F}.Debug|x64.Build.0 = Debug|Any CPU
		{37DE543D-A257-4384-B5B9-7DBA57A8F41F}.Debug|x86.ActiveCfg = Debug|Any CPU
		{37DE543D-A257-4384-B5B9-7DBA57A8F41F}.Debug|x86.Build.0 = Debug|Any CPU
		{37DE543D-A257-4384-B5B9-7DBA57A8F41F}.Release|Any CPU.ActiveCfg = Release|Any CPU
		{37DE543D-A257-4384-B5B9-7DBA57A8F41F}.Release|Any CPU.Build.0 = Release|Any CPU
		{37DE543D-A257-4384-B5B9-7DBA57A8F41F}.Release|x64.ActiveCfg = Release|Any CPU
		{37DE543D-A257-4384-B5B9-7DBA57A8F41F}.Release|x64.Build.0 = Release|Any CPU
		{37DE543D-A257-4384-B5B9-7DBA57A8F41F}.Release|x86.ActiveCfg = Release|Any CPU
		{37DE543D-A257-4384-B5B9-7DBA57A8F41F}.Release|x86.Build.0 = Release|Any CPU
		{49782980-3E92-44CD-A2E4-092A5B2D2F16}.Debug|Any CPU.ActiveCfg = Debug|Any CPU
		{49782980-3E92-44CD-A2E4-092A5B2D2F16}.Debug|Any CPU.Build.0 = Debug|Any CPU
		{49782980-3E92-44CD-A2E4-092A5B2D2F16}.Debug|x64.ActiveCfg = Debug|Any CPU
		{49782980-3E92-44CD-A2E4-092A5B2D2F16}.Debug|x64.Build.0 = Debug|Any CPU
		{49782980-3E92-44CD-A2E4-092A5B2D2F16}.Debug|x86.ActiveCfg = Debug|Any CPU
		{49782980-3E92-44CD-A2E4-092A5B2D2F16}.Debug|x86.Build.0 = Debug|Any CPU
		{49782980-3E92-44CD-A2E4-092A5B2D2F16}.Release|Any CPU.ActiveCfg = Release|Any CPU
		{49782980-3E92-44CD-A2E4-092A5B2D2F16}.Release|Any CPU.Build.0 = Release|Any CPU
		{49782980-3E92-44CD-A2E4-092A5B2D2F16}.Release|x64.ActiveCfg = Release|Any CPU
		{49782980-3E92-44CD-A2E4-092A5B2D2F16}.Release|x64.Build.0 = Release|Any CPU
		{49782980-3E92-44CD-A2E4-092A5B2D2F16}.Release|x86.ActiveCfg = Release|Any CPU
		{49782980-3E92-44CD-A2E4-092A5B2D2F16}.Release|x86.Build.0 = Release|Any CPU
		{803EE0A7-120A-4492-A731-F413A48137A1}.Debug|Any CPU.ActiveCfg = Debug|Any CPU
		{803EE0A7-120A-4492-A731-F413A48137A1}.Debug|Any CPU.Build.0 = Debug|Any CPU
		{803EE0A7-120A-4492-A731-F413A48137A1}.Debug|x64.ActiveCfg = Debug|Any CPU
		{803EE0A7-120A-4492-A731-F413A48137A1}.Debug|x64.Build.0 = Debug|Any CPU
		{803EE0A7-120A-4492-A731-F413A48137A1}.Debug|x86.ActiveCfg = Debug|Any CPU
		{803EE0A7-120A-4492-A731-F413A48137A1}.Debug|x86.Build.0 = Debug|Any CPU
		{803EE0A7-120A-4492-A731-F413A48137A1}.Release|Any CPU.ActiveCfg = Release|Any CPU
		{803EE0A7-120A-4492-A731-F413A48137A1}.Release|Any CPU.Build.0 = Release|Any CPU
		{803EE0A7-120A-4492-A731-F413A48137A1}.Release|x64.ActiveCfg = Release|Any CPU
		{803EE0A7-120A-4492-A731-F413A48137A1}.Release|x64.Build.0 = Release|Any CPU
		{803EE0A7-120A-4492-A731-F413A48137A1}.Release|x86.ActiveCfg = Release|Any CPU
		{803EE0A7-120A-4492-A731-F413A48137A1}.Release|x86.Build.0 = Release|Any CPU
	EndGlobalSection
	GlobalSection(SolutionProperties) = preSolution
		HideSolutionNode = FALSE
	EndGlobalSection
EndGlobal
